
Microsoft Visual Studio Solution File, Format Version 12.00
# Visual Studio Version 16
VisualStudioVersion = 16.0.30621.155
MinimumVisualStudioVersion = 10.0.40219.1
Project("{8BC9CEB8-8B4A-11D0-8D11-00A0C91BC942}") = "BigProject1", "BigProject1\BigProject1.vcxproj", "{FA6188A1-67F0-4DF5-AA5E-19175CD95D38}"
EndProject
Global
	GlobalSection(SolutionConfigurationPlatforms) = preSolution
		Debug|x64 = Debug|x64
		Debug|x86 = Debug|x86
		Release|x64 = Release|x64
		Release|x86 = Release|x86
	EndGlobalSection
	GlobalSection(ProjectConfigurationPlatforms) = postSolution
		{FA6188A1-67F0-4DF5-AA5E-19175CD95D38}.Debug|x64.ActiveCfg = Debug|x64
		{FA6188A1-67F0-4DF5-AA5E-19175CD95D38}.Debug|x64.Build.0 = Debug|x64
		{FA6188A1-67F0-4DF5-AA5E-19175CD95D38}.Debug|x86.ActiveCfg = Debug|Win32
		{FA6188A1-67F0-4DF5-AA5E-19175CD95D38}.Debug|x86.Build.0 = Debug|Win32
		{FA6188A1-67F0-4DF5-AA5E-19175CD95D38}.Release|x64.ActiveCfg = Release|x64
		{FA6188A1-67F0-4DF5-AA5E-19175CD95D38}.Release|x64.Build.0 = Release|x64
		{FA6188A1-67F0-4DF5-AA5E-19175CD95D38}.Release|x86.ActiveCfg = Release|Win32
		{FA6188A1-67F0-4DF5-AA5E-19175CD95D38}.Release|x86.Build.0 = Release|Win32
	EndGlobalSection
	GlobalSection(SolutionProperties) = preSolution
		HideSolutionNode = FALSE
	EndGlobalSection
	GlobalSection(ExtensibilityGlobals) = postSolution
		SolutionGuid = {C2679C64-F6E9-4AF4-97C4-4500DEDE9C6D}
	EndGlobalSection
EndGlobal
